Microsoft Visual Studio Solution File, Format Version 11.00
# Visual Studio 2008

Project("{E53F0C9D-CBD5-CDDC-ABE4-83F8615638F0}") = "RunHumanRun", "Assembly-CSharp-firstpass-vs.csproj", "{ECCA33D7-8254-0189-EB9E-8217FAAA91F2}"
EndProject
Project("{E53F0C9D-CBD5-CDDC-ABE4-83F8615638F0}") = "RunHumanRun", "Assembly-CSharp-vs.csproj", "{AC3BB29E-1A1C-AB42-458D-3E59E94500EE}"
EndProject
Global
	GlobalSection(SolutionConfigurationPlatforms) = preSolution
		Debug|Any CPU = Debug|Any CPU
		Release|Any CPU = Release|Any CPU
	EndGlobalSection
	GlobalSection(ProjectConfigurationPlatforms) = postSolution
		{ECCA33D7-8254-0189-EB9E-8217FAAA91F2}.Debug|Any CPU.ActiveCfg = Debug|Any CPU
		{ECCA33D7-8254-0189-EB9E-8217FAAA91F2}.Debug|Any CPU.Build.0 = Debug|Any CPU
		{ECCA33D7-8254-0189-EB9E-8217FAAA91F2}.Release|Any CPU.ActiveCfg = Release|Any CPU
		{ECCA33D7-8254-0189-EB9E-8217FAAA91F2}.Release|Any CPU.Build.0 = Release|Any CPU
		{AC3BB29E-1A1C-AB42-458D-3E59E94500EE}.Debug|Any CPU.ActiveCfg = Debug|Any CPU
		{AC3BB29E-1A1C-AB42-458D-3E59E94500EE}.Debug|Any CPU.Build.0 = Debug|Any CPU
		{AC3BB29E-1A1C-AB42-458D-3E59E94500EE}.Release|Any CPU.ActiveCfg = Release|Any CPU
		{AC3BB29E-1A1C-AB42-458D-3E59E94500EE}.Release|Any CPU.Build.0 = Release|Any CPU
	EndGlobalSection
	GlobalSection(SolutionProperties) = preSolution
		HideSolutionNode = FALSE
	EndGlobalSection
																																																																																											GlobalSection(MonoDevelopProperties) = preSolution
		StartupItem = Assembly-CSharp.csproj
		Policies = $0
		$0.TextStylePolicy = $1
		$1.inheritsSet = null
		$1.scope = text/x-csharp
		$0.CSharpFormattingPolicy = $2
		$2.inheritsSet = Mono
		$2.inheritsScope = text/x-csharp
		$2.scope = text/x-csharp
		$0.TextStylePolicy = $3
		$3.FileWidth = 120
		$3.TabWidth = 4
		$3.EolMarker = Unix
		$3.inheritsSet = Mono
		$3.inheritsScope = text/plain
		$3.scope = text/plain
	EndGlobalSection

EndGlobal
